
Microsoft Visual Studio Solution File, Format Version 12.00
# Visual Studio Version 17
VisualStudioVersion = 17.14.36109.1
MinimumVisualStudioVersion = 10.0.40219.1
Project("{FAE04EC0-301F-11D3-BF4B-00C04F79EFBC}") = "ToyUnivSimu", "ToyUnivSimu.csproj", "{56AB394E-4E28-4E7D-95B2-96D658EC828A}"
EndProject
Global
	GlobalSection(SolutionConfigurationPlatforms) = preSolution
		Debug|Any CPU = Debug|Any CPU
		Debug|x64 = Debug|x64
		Release|Any CPU = Release|Any CPU
		Release|x64 = Release|x64
	EndGlobalSection
	GlobalSection(ProjectConfigurationPlatforms) = postSolution
		{56AB394E-4E28-4E7D-95B2-96D658EC828A}.Debug|Any CPU.ActiveCfg = Debug|Any CPU
		{56AB394E-4E28-4E7D-95B2-96D658EC828A}.Debug|Any CPU.Build.0 = Debug|Any CPU
		{56AB394E-4E28-4E7D-95B2-96D658EC828A}.Debug|x64.ActiveCfg = Debug|x64
		{56AB394E-4E28-4E7D-95B2-96D658EC828A}.Debug|x64.Build.0 = Debug|x64
		{56AB394E-4E28-4E7D-95B2-96D658EC828A}.Release|Any CPU.ActiveCfg = Release|Any CPU
		{56AB394E-4E28-4E7D-95B2-96D658EC828A}.Release|Any CPU.Build.0 = Release|Any CPU
		{56AB394E-4E28-4E7D-95B2-96D658EC828A}.Release|x64.ActiveCfg = Release|x64
		{56AB394E-4E28-4E7D-95B2-96D658EC828A}.Release|x64.Build.0 = Release|x64
	EndGlobalSection
	GlobalSection(SolutionProperties) = preSolution
		HideSolutionNode = FALSE
	EndGlobalSection
	GlobalSection(ExtensibilityGlobals) = postSolution
		SolutionGuid = {3AF3FF9B-032E-4211-A037-FB98723AAC8F}
	EndGlobalSection
EndGlobal
